
Microsoft Visual Studio Solution File, Format Version 12.00
# Visual Studio Version 16
VisualStudioVersion = 16.0.30517.126
MinimumVisualStudioVersion = 10.0.40219.1
Project("{FAE04EC0-301F-11D3-BF4B-00C04F79EFBC}") = "BIT.NET.hw3.WebScraper", "BIT.NET.hw3.WebScraper\BIT.NET.hw3.WebScraper.csproj", "{8FB3446A-3F22-490D-80C4-3AE1D3C12A06}"
EndProject
Global
	GlobalSection(SolutionConfigurationPlatforms) = preSolution
		Debug|Any CPU = Debug|Any CPU
		Release|Any CPU = Release|Any CPU
	EndGlobalSection
	GlobalSection(ProjectConfigurationPlatforms) = postSolution
		{8FB3446A-3F22-490D-80C4-3AE1D3C12A06}.Debug|Any CPU.ActiveCfg = Debug|Any CPU
		{8FB3446A-3F22-490D-80C4-3AE1D3C12A06}.Debug|Any CPU.Build.0 = Debug|Any CPU
		{8FB3446A-3F22-490D-80C4-3AE1D3C12A06}.Release|Any CPU.ActiveCfg = Release|Any CPU
		{8FB3446A-3F22-490D-80C4-3AE1D3C12A06}.Release|Any CPU.Build.0 = Release|Any CPU
	EndGlobalSection
	GlobalSection(SolutionProperties) = preSolution
		HideSolutionNode = FALSE
	EndGlobalSection
	GlobalSection(ExtensibilityGlobals) = postSolution
		SolutionGuid = {2E19249B-94EB-46DE-BF92-AB3F67D80E6A}
	EndGlobalSection
EndGlobal
